# This file is autogenerated, do not edit; changes may be undone by the next 'dep ensure'.


[[projects]]
  name = "github.com/Preetam/lm2"
  packages = ["."]
  revision = "caae31f4f831dc88b3dc06d5965dea566033874e"
  version = "v2.0.0-pre2"

[[projects]]
  name = "github.com/Preetam/lm2log"
  packages = ["."]
  revision = "b2ebe5634abc759e3340ef506cd7e81a34276ed3"
  version = "v1.0.0"

[[projects]]
  name = "github.com/Preetam/siesta"
  packages = ["."]
  revision = "d3bb1906d7bfe7f00a7399b58de98ac2942e5b7a"
  version = "v1.0.0"

[solve-meta]
  analyzer-name = "dep"
  analyzer-version = 1
  inputs-digest = "e9382a04925b00ab5d0f3a49f0f4dfaae48f5a0e9af338cf65346ceb58251dc9"
  solver-name = "gps-cdcl"
  solver-version = 1
